{
  "name": "domino-eval",
  "lockfileVersion": 3,
  "requires": true,
  "packages": {
    "": {
      "name": "domino-eval",
      "dependencies": {
        "@techstark/opencv-js": "^4.12.0-release.1",
        "jpeg-js": "^0.4.4"
      }
    },
    "node_modules/@techstark/opencv-js": {
      "version": "4.12.0-release.1",
      "resolved": "https://registry.npmjs.org/@techstark/opencv-js/-/opencv-js-4.12.0-release.1.tgz",
      "integrity": "sha512-LtTaph9v/HqLPXEg3m1xs2h7QJh10pUpuDT0nj8g77lelWnTwwQrehtd+fXElLOdrkqc4Fea6Z/sJBvEJLYPfw==",
      "license": "Apache-2.0"
    },
    "node_modules/jpeg-js": {
      "version": "0.4.4",
      "resolved": "https://registry.npmjs.org/jpeg-js/-/jpeg-js-0.4.4.tgz",
      "integrity": "sha512-WZzeDOEtTOBK4Mdsar0IqEU5sMr3vSV2RqkAIzUEV2BHnUfKGyswWFPFwK5EeDo93K3FohSHbLAjj0s1Wzd+dg==",
      "license": "BSD-3-Clause"
    }
  }
}
